{
  "name": "seacrest",
  "version": "1.2.0",
  "lockfileVersion": 2,
  "requires": true,
  "packages": {
    "": {
      "name": "seacrest",
      "version": "1.2.0",
      "license": "MIT",
      "dependencies": {
        "@actions/core": "^1.9.0",
        "@walletconnect/node": "^1.0.0",
        "node-fetch": "^3.2.10",
        "qrcode-terminal": "^0.12.0",
        "tslib": "^2.4.0"
      },
      "bin": {
        "seacrest": "src/index.mjs"
      }
    },
    "node_modules/@actions/core": {
      "version": "1.9.0",
      "resolved": "https://registry.npmjs.org/@actions/core/-/core-1.9.0.tgz",
      "integrity": "sha512-5pbM693Ih59ZdUhgk+fts+bUWTnIdHV3kwOSr+QIoFHMLg7Gzhwm0cifDY/AG68ekEJAkHnQVpcy4f6GjmzBCA==",
      "dependencies": {
        "@actions/http-client": "^2.0.1"
      }
    },
    "node_modules/@actions/http-client": {
      "version": "2.0.1",
      "resolved": "https://registry.npmjs.org/@actions/http-client/-/http-client-2.0.1.tgz",
      "integrity": "sha512-PIXiMVtz6VvyaRsGY268qvj57hXQEpsYogYOu2nrQhlf+XCGmZstmuZBbAybUl1nQGnvS1k1eEsQ69ZoD7xlSw==",
      "dependencies": {
        "tunnel": "^0.0.6"
      }
    },
    "node_modules/@walletconnect/browser-utils": {
      "version": "1.8.0",
      "resolved": "https://registry.npmjs.org/@walletconnect/browser-utils/-/browser-utils-1.8.0.tgz",
      "integrity": "sha512-Wcqqx+wjxIo9fv6eBUFHPsW1y/bGWWRboni5dfD8PtOmrihrEpOCmvRJe4rfl7xgJW8Ea9UqKEaq0bIRLHlK4A==",
      "dependencies": {
        "@walletconnect/safe-json": "1.0.0",
        "@walletconnect/types": "^1.8.0",
        "@walletconnect/window-getters": "1.0.0",
        "@walletconnect/window-metadata": "1.0.0",
        "detect-browser": "5.2.0"
      }
    },
    "node_modules/@walletconnect/core": {
      "version": "1.8.0",
      "resolved": "https://registry.npmjs.org/@walletconnect/core/-/core-1.8.0.tgz",
      "integrity": "sha512-aFTHvEEbXcZ8XdWBw6rpQDte41Rxwnuk3SgTD8/iKGSRTni50gI9S3YEzMj05jozSiOBxQci4pJDMVhIUMtarw==",
      "dependencies": {
        "@walletconnect/socket-transport": "^1.8.0",
        "@walletconnect/types": "^1.8.0",
        "@walletconnect/utils": "^1.8.0"
      }
    },
    "node_modules/@walletconnect/encoding": {
      "version": "1.0.1",
      "resolved": "https://registry.npmjs.org/@walletconnect/encoding/-/encoding-1.0.1.tgz",
      "integrity": "sha512-8opL2rs6N6E3tJfsqwS82aZQDL3gmupWUgmvuZ3CGU7z/InZs3R9jkzH8wmYtpbq0sFK3WkJkQRZFFk4BkrmFA==",
      "dependencies": {
        "is-typedarray": "1.0.0",
        "typedarray-to-buffer": "3.1.5"
      }
    },
    "node_modules/@walletconnect/environment": {
      "version": "1.0.0",
      "resolved": "https://registry.npmjs.org/@walletconnect/environment/-/environment-1.0.0.tgz",
      "integrity": "sha512-4BwqyWy6KpSvkocSaV7WR3BlZfrxLbJSLkg+j7Gl6pTDE+U55lLhJvQaMuDVazXYxcjBsG09k7UlH7cGiUI5vQ=="
    },
    "node_modules/@walletconnect/jsonrpc-types": {
      "version": "1.0.1",
      "resolved": "https://registry.npmjs.org/@walletconnect/jsonrpc-types/-/jsonrpc-types-1.0.1.tgz",
      "integrity": "sha512-+6coTtOuChCqM+AoYyi4Q83p9l/laI6NvuM2/AHaZFuf0gT0NjW7IX2+86qGyizn7Ptq4AYZmfxurAxTnhefuw==",
      "dependencies": {
        "keyvaluestorage-interface": "^1.0.0"
      }
    },
    "node_modules/@walletconnect/jsonrpc-utils": {
      "version": "1.0.3",
      "resolved": "https://registry.npmjs.org/@walletconnect/jsonrpc-utils/-/jsonrpc-utils-1.0.3.tgz",
      "integrity": "sha512-3yb49bPk16MNLk6uIIHPSHQCpD6UAo1OMOx1rM8cW/MPEAYAzrSW5hkhG7NEUwX9SokRIgnZK3QuQkiyNzBMhQ==",
      "dependencies": {
        "@walletconnect/environment": "^1.0.0",
        "@walletconnect/jsonrpc-types": "^1.0.1"
      }
    },
    "node_modules/@walletconnect/node": {
      "version": "1.0.0",
      "resolved": "https://registry.npmjs.org/@walletconnect/node/-/node-1.0.0.tgz",
      "integrity": "sha512-yk5HGMWnysgqp0ePPuTrIbGB85V2Uhikh/+belffQfp03VYPQJnJj/x117KjMnAZXmzQD5lLl5bkvoy1CTKrJQ==",
      "deprecated": "Packaged deprecated in favor of @walletconnect/client. Please check docs.walletconnect.com",
      "dependencies": {
        "@walletconnect/core": "^1.0.0",
        "@walletconnect/node-crypto": "^1.0.0",
        "@walletconnect/types": "^1.0.0",
        "@walletconnect/utils": "^1.0.0"
      }
    },
    "node_modules/@walletconnect/node-crypto": {
      "version": "1.0.0",
      "resolved": "https://registry.npmjs.org/@walletconnect/node-crypto/-/node-crypto-1.0.0.tgz",
      "integrity": "sha512-0Umq6k3aw5AtnOnyAlQITZgSrPsiUVOh5oLy5wxzKXSMlWSzvtx2/9dzV1AROFXYIfhp2HKXblyxb5e4PFvVcA==",
      "dependencies": {
        "@walletconnect/types": "^1.0.0",
        "@walletconnect/utils": "^1.0.0"
      }
    },
    "node_modules/@walletconnect/safe-json": {
      "version": "1.0.0",
      "resolved": "https://registry.npmjs.org/@walletconnect/safe-json/-/safe-json-1.0.0.tgz",
      "integrity": "sha512-QJzp/S/86sUAgWY6eh5MKYmSfZaRpIlmCJdi5uG4DJlKkZrHEF7ye7gA+VtbVzvTtpM/gRwO2plQuiooIeXjfg=="
    },
    "node_modules/@walletconnect/socket-transport": {
      "version": "1.8.0",
      "resolved": "https://registry.npmjs.org/@walletconnect/socket-transport/-/socket-transport-1.8.0.tgz",
      "integrity": "sha512-5DyIyWrzHXTcVp0Vd93zJ5XMW61iDM6bcWT4p8DTRfFsOtW46JquruMhxOLeCOieM4D73kcr3U7WtyR4JUsGuQ==",
      "dependencies": {
        "@walletconnect/types": "^1.8.0",
        "@walletconnect/utils": "^1.8.0",
        "ws": "7.5.3"
      }
    },
    "node_modules/@walletconnect/types": {
      "version": "1.8.0",
      "resolved": "https://registry.npmjs.org/@walletconnect/types/-/types-1.8.0.tgz",
      "integrity": "sha512-Cn+3I0V0vT9ghMuzh1KzZvCkiAxTq+1TR2eSqw5E5AVWfmCtECFkVZBP6uUJZ8YjwLqXheI+rnjqPy7sVM4Fyg=="
    },
    "node_modules/@walletconnect/utils": {
      "version": "1.8.0",
      "resolved": "https://registry.npmjs.org/@walletconnect/utils/-/utils-1.8.0.tgz",
      "integrity": "sha512-zExzp8Mj1YiAIBfKNm5u622oNw44WOESzo6hj+Q3apSMIb0Jph9X3GDIdbZmvVZsNPxWDL7uodKgZcCInZv2vA==",
      "dependencies": {
        "@walletconnect/browser-utils": "^1.8.0",
        "@walletconnect/encoding": "^1.0.1",
        "@walletconnect/jsonrpc-utils": "^1.0.3",
        "@walletconnect/types": "^1.8.0",
        "bn.js": "4.11.8",
        "js-sha3": "0.8.0",
        "query-string": "6.13.5"
      }
    },
    "node_modules/@walletconnect/window-getters": {
      "version": "1.0.0",
      "resolved": "https://registry.npmjs.org/@walletconnect/window-getters/-/window-getters-1.0.0.tgz",
      "integrity": "sha512-xB0SQsLaleIYIkSsl43vm8EwETpBzJ2gnzk7e0wMF3ktqiTGS6TFHxcprMl5R44KKh4tCcHCJwolMCaDSwtAaA=="
    },
    "node_modules/@walletconnect/window-metadata": {
      "version": "1.0.0",
      "resolved": "https://registry.npmjs.org/@walletconnect/window-metadata/-/window-metadata-1.0.0.tgz",
      "integrity": "sha512-9eFvmJxIKCC3YWOL97SgRkKhlyGXkrHwamfechmqszbypFspaSk+t2jQXAEU7YClHF6Qjw5eYOmy1//zFi9/GA==",
      "dependencies": {
        "@walletconnect/window-getters": "^1.0.0"
      }
    },
    "node_modules/bn.js": {
      "version": "4.11.8",
      "resolved": "https://registry.npmjs.org/bn.js/-/bn.js-4.11.8.tgz",
      "integrity": "sha512-ItfYfPLkWHUjckQCk8xC+LwxgK8NYcXywGigJgSwOP8Y2iyWT4f2vsZnoOXTTbo+o5yXmIUJ4gn5538SO5S3gA=="
    },
    "node_modules/data-uri-to-buffer": {
      "version": "4.0.0",
      "resolved": "https://registry.npmjs.org/data-uri-to-buffer/-/data-uri-to-buffer-4.0.0.tgz",
      "integrity": "sha512-Vr3mLBA8qWmcuschSLAOogKgQ/Jwxulv3RNE4FXnYWRGujzrRWQI4m12fQqRkwX06C0KanhLr4hK+GydchZsaA==",
      "engines": {
        "node": ">= 12"
      }
    },
    "node_modules/decode-uri-component": {
      "version": "0.2.0",
      "resolved": "https://registry.npmjs.org/decode-uri-component/-/decode-uri-component-0.2.0.tgz",
      "integrity": "sha512-hjf+xovcEn31w/EUYdTXQh/8smFL/dzYjohQGEIgjyNavaJfBY2p5F527Bo1VPATxv0VYTUC2bOcXvqFwk78Og==",
      "engines": {
        "node": ">=0.10"
      }
    },
    "node_modules/detect-browser": {
      "version": "5.2.0",
      "resolved": "https://registry.npmjs.org/detect-browser/-/detect-browser-5.2.0.tgz",
      "integrity": "sha512-tr7XntDAu50BVENgQfajMLzacmSe34D+qZc4zjnniz0ZVuw/TZcLcyxHQjYpJTM36sGEkZZlYLnIM1hH7alTMA=="
    },
    "node_modules/fetch-blob": {
      "version": "3.2.0",
      "resolved": "https://registry.npmjs.org/fetch-blob/-/fetch-blob-3.2.0.tgz",
      "integrity": "sha512-7yAQpD2UMJzLi1Dqv7qFYnPbaPx7ZfFK6PiIxQ4PfkGPyNyl2Ugx+a/umUonmKqjhM4DnfbMvdX6otXq83soQQ==",
      "funding": [
        {
          "type": "github",
          "url": "https://github.com/sponsors/jimmywarting"
        },
        {
          "type": "paypal",
          "url": "https://paypal.me/jimmywarting"
        }
      ],
      "dependencies": {
        "node-domexception": "^1.0.0",
        "web-streams-polyfill": "^3.0.3"
      },
      "engines": {
        "node": "^12.20 || >= 14.13"
      }
    },
    "node_modules/formdata-polyfill": {
      "version": "4.0.10",
      "resolved": "https://registry.npmjs.org/formdata-polyfill/-/formdata-polyfill-4.0.10.tgz",
      "integrity": "sha512-buewHzMvYL29jdeQTVILecSaZKnt/RJWjoZCF5OW60Z67/GmSLBkOFM7qh1PI3zFNtJbaZL5eQu1vLfazOwj4g==",
      "dependencies": {
        "fetch-blob": "^3.1.2"
      },
      "engines": {
        "node": ">=12.20.0"
      }
    },
    "node_modules/is-typedarray": {
      "version": "1.0.0",
      "resolved": "https://registry.npmjs.org/is-typedarray/-/is-typedarray-1.0.0.tgz",
      "integrity": "sha512-cyA56iCMHAh5CdzjJIa4aohJyeO1YbwLi3Jc35MmRU6poroFjIGZzUzupGiRPOjgHg9TLu43xbpwXk523fMxKA=="
    },
    "node_modules/js-sha3": {
      "version": "0.8.0",
      "resolved": "https://registry.npmjs.org/js-sha3/-/js-sha3-0.8.0.tgz",
      "integrity": "sha512-gF1cRrHhIzNfToc802P800N8PpXS+evLLXfsVpowqmAFR9uwbi89WvXg2QspOmXL8QL86J4T1EpFu+yUkwJY3Q=="
    },
    "node_modules/keyvaluestorage-interface": {
      "version": "1.0.0",
      "resolved": "https://registry.npmjs.org/keyvaluestorage-interface/-/keyvaluestorage-interface-1.0.0.tgz",
      "integrity": "sha512-8t6Q3TclQ4uZynJY9IGr2+SsIGwK9JHcO6ootkHCGA0CrQCRy+VkouYNO2xicET6b9al7QKzpebNow+gkpCL8g=="
    },
    "node_modules/node-domexception": {
      "version": "1.0.0",
      "resolved": "https://registry.npmjs.org/node-domexception/-/node-domexception-1.0.0.tgz",
      "integrity": "sha512-/jKZoMpw0F8GRwl4/eLROPA3cfcXtLApP0QzLmUT/HuPCZWyB7IY9ZrMeKw2O/nFIqPQB3PVM9aYm0F312AXDQ==",
      "funding": [
        {
          "type": "github",
          "url": "https://github.com/sponsors/jimmywarting"
        },
        {
          "type": "github",
          "url": "https://paypal.me/jimmywarting"
        }
      ],
      "engines": {
        "node": ">=10.5.0"
      }
    },
    "node_modules/node-fetch": {
      "version": "3.2.10",
      "resolved": "https://registry.npmjs.org/node-fetch/-/node-fetch-3.2.10.tgz",
      "integrity": "sha512-MhuzNwdURnZ1Cp4XTazr69K0BTizsBroX7Zx3UgDSVcZYKF/6p0CBe4EUb/hLqmzVhl0UpYfgRljQ4yxE+iCxA==",
      "dependencies": {
        "data-uri-to-buffer": "^4.0.0",
        "fetch-blob": "^3.1.4",
        "formdata-polyfill": "^4.0.10"
      },
      "engines": {
        "node": "^12.20.0 || ^14.13.1 || >=16.0.0"
      },
      "funding": {
        "type": "opencollective",
        "url": "https://opencollective.com/node-fetch"
      }
    },
    "node_modules/qrcode-terminal": {
      "version": "0.12.0",
      "resolved": "https://registry.npmjs.org/qrcode-terminal/-/qrcode-terminal-0.12.0.tgz",
      "integrity": "sha512-EXtzRZmC+YGmGlDFbXKxQiMZNwCLEO6BANKXG4iCtSIM0yqc/pappSx3RIKr4r0uh5JsBckOXeKrB3Iz7mdQpQ==",
      "bin": {
        "qrcode-terminal": "bin/qrcode-terminal.js"
      }
    },
    "node_modules/query-string": {
      "version": "6.13.5",
      "resolved": "https://registry.npmjs.org/query-string/-/query-string-6.13.5.tgz",
      "integrity": "sha512-svk3xg9qHR39P3JlHuD7g3nRnyay5mHbrPctEBDUxUkHRifPHXJDhBUycdCC0NBjXoDf44Gb+IsOZL1Uwn8M/Q==",
      "dependencies": {
        "decode-uri-component": "^0.2.0",
        "split-on-first": "^1.0.0",
        "strict-uri-encode": "^2.0.0"
      },
      "engines": {
        "node": ">=6"
      },
      "funding": {
        "url": "https://github.com/sponsors/sindresorhus"
      }
    },
    "node_modules/split-on-first": {
      "version": "1.1.0",
      "resolved": "https://registry.npmjs.org/split-on-first/-/split-on-first-1.1.0.tgz",
      "integrity": "sha512-43ZssAJaMusuKWL8sKUBQXHWOpq8d6CfN/u1p4gUzfJkM05C8rxTmYrkIPTXapZpORA6LkkzcUulJ8FqA7Uudw==",
      "engines": {
        "node": ">=6"
      }
    },
    "node_modules/strict-uri-encode": {
      "version": "2.0.0",
      "resolved": "https://registry.npmjs.org/strict-uri-encode/-/strict-uri-encode-2.0.0.tgz",
      "integrity": "sha512-QwiXZgpRcKkhTj2Scnn++4PKtWsH0kpzZ62L2R6c/LUVYv7hVnZqcg2+sMuT6R7Jusu1vviK/MFsu6kNJfWlEQ==",
      "engines": {
        "node": ">=4"
      }
    },
    "node_modules/tslib": {
      "version": "2.4.0",
      "resolved": "https://registry.npmjs.org/tslib/-/tslib-2.4.0.tgz",
      "integrity": "sha512-d6xOpEDfsi2CZVlPQzGeux8XMwLT9hssAsaPYExaQMuYskwb+x1x7J371tWlbBdWHroy99KnVB6qIkUbs5X3UQ=="
    },
    "node_modules/tunnel": {
      "version": "0.0.6",
      "resolved": "https://registry.npmjs.org/tunnel/-/tunnel-0.0.6.tgz",
      "integrity": "sha512-1h/Lnq9yajKY2PEbBadPXj3VxsDDu844OnaAo52UVmIzIvwwtBPIuNvkjuzBlTWpfJyUbG3ez0KSBibQkj4ojg==",
      "engines": {
        "node": ">=0.6.11 <=0.7.0 || >=0.7.3"
      }
    },
    "node_modules/typedarray-to-buffer": {
      "version": "3.1.5",
      "resolved": "https://registry.npmjs.org/typedarray-to-buffer/-/typedarray-to-buffer-3.1.5.tgz",
      "integrity": "sha512-zdu8XMNEDepKKR+XYOXAVPtWui0ly0NtohUscw+UmaHiAWT8hrV1rr//H6V+0DvJ3OQ19S979M0laLfX8rm82Q==",
      "dependencies": {
        "is-typedarray": "^1.0.0"
      }
    },
    "node_modules/web-streams-polyfill": {
      "version": "3.2.1",
      "resolved": "https://registry.npmjs.org/web-streams-polyfill/-/web-streams-polyfill-3.2.1.tgz",
      "integrity": "sha512-e0MO3wdXWKrLbL0DgGnUV7WHVuw9OUvL4hjgnPkIeEvESk74gAITi5G606JtZPp39cd8HA9VQzCIvA49LpPN5Q==",
      "engines": {
        "node": ">= 8"
      }
    },
    "node_modules/ws": {
      "version": "7.5.3",
      "resolved": "https://registry.npmjs.org/ws/-/ws-7.5.3.tgz",
      "integrity": "sha512-kQ/dHIzuLrS6Je9+uv81ueZomEwH0qVYstcAQ4/Z93K8zeko9gtAbttJWzoC5ukqXY1PpoouV3+VSOqEAFt5wg==",
      "engines": {
        "node": ">=8.3.0"
      },
      "peerDependencies": {
        "bufferutil": "^4.0.1",
        "utf-8-validate": "^5.0.2"
      },
      "peerDependenciesMeta": {
        "bufferutil": {
          "optional": true
        },
        "utf-8-validate": {
          "optional": true
        }
      }
    }
  },
  "dependencies": {
    "@actions/core": {
      "version": "1.9.0",
      "resolved": "https://registry.npmjs.org/@actions/core/-/core-1.9.0.tgz",
      "integrity": "sha512-5pbM693Ih59ZdUhgk+fts+bUWTnIdHV3kwOSr+QIoFHMLg7Gzhwm0cifDY/AG68ekEJAkHnQVpcy4f6GjmzBCA==",
      "requires": {
        "@actions/http-client": "^2.0.1"
      }
    },
    "@actions/http-client": {
      "version": "2.0.1",
      "resolved": "https://registry.npmjs.org/@actions/http-client/-/http-client-2.0.1.tgz",
      "integrity": "sha512-PIXiMVtz6VvyaRsGY268qvj57hXQEpsYogYOu2nrQhlf+XCGmZstmuZBbAybUl1nQGnvS1k1eEsQ69ZoD7xlSw==",
      "requires": {
        "tunnel": "^0.0.6"
      }
    },
    "@walletconnect/browser-utils": {
      "version": "1.8.0",
      "resolved": "https://registry.npmjs.org/@walletconnect/browser-utils/-/browser-utils-1.8.0.tgz",
      "integrity": "sha512-Wcqqx+wjxIo9fv6eBUFHPsW1y/bGWWRboni5dfD8PtOmrihrEpOCmvRJe4rfl7xgJW8Ea9UqKEaq0bIRLHlK4A==",
      "requires": {
        "@walletconnect/safe-json": "1.0.0",
        "@walletconnect/types": "^1.8.0",
        "@walletconnect/window-getters": "1.0.0",
        "@walletconnect/window-metadata": "1.0.0",
        "detect-browser": "5.2.0"
      }
    },
    "@walletconnect/core": {
      "version": "1.8.0",
      "resolved": "https://registry.npmjs.org/@walletconnect/core/-/core-1.8.0.tgz",
      "integrity": "sha512-aFTHvEEbXcZ8XdWBw6rpQDte41Rxwnuk3SgTD8/iKGSRTni50gI9S3YEzMj05jozSiOBxQci4pJDMVhIUMtarw==",
      "requires": {
        "@walletconnect/socket-transport": "^1.8.0",
        "@walletconnect/types": "^1.8.0",
        "@walletconnect/utils": "^1.8.0"
      }
    },
    "@walletconnect/encoding": {
      "version": "1.0.1",
      "resolved": "https://registry.npmjs.org/@walletconnect/encoding/-/encoding-1.0.1.tgz",
      "integrity": "sha512-8opL2rs6N6E3tJfsqwS82aZQDL3gmupWUgmvuZ3CGU7z/InZs3R9jkzH8wmYtpbq0sFK3WkJkQRZFFk4BkrmFA==",
      "requires": {
        "is-typedarray": "1.0.0",
        "typedarray-to-buffer": "3.1.5"
      }
    },
    "@walletconnect/environment": {
      "version": "1.0.0",
      "resolved": "https://registry.npmjs.org/@walletconnect/environment/-/environment-1.0.0.tgz",
      "integrity": "sha512-4BwqyWy6KpSvkocSaV7WR3BlZfrxLbJSLkg+j7Gl6pTDE+U55lLhJvQaMuDVazXYxcjBsG09k7UlH7cGiUI5vQ=="
    },
    "@walletconnect/jsonrpc-types": {
      "version": "1.0.1",
      "resolved": "https://registry.npmjs.org/@walletconnect/jsonrpc-types/-/jsonrpc-types-1.0.1.tgz",
      "integrity": "sha512-+6coTtOuChCqM+AoYyi4Q83p9l/laI6NvuM2/AHaZFuf0gT0NjW7IX2+86qGyizn7Ptq4AYZmfxurAxTnhefuw==",
      "requires": {
        "keyvaluestorage-interface": "^1.0.0"
      }
    },
    "@walletconnect/jsonrpc-utils": {
      "version": "1.0.3",
      "resolved": "https://registry.npmjs.org/@walletconnect/jsonrpc-utils/-/jsonrpc-utils-1.0.3.tgz",
      "integrity": "sha512-3yb49bPk16MNLk6uIIHPSHQCpD6UAo1OMOx1rM8cW/MPEAYAzrSW5hkhG7NEUwX9SokRIgnZK3QuQkiyNzBMhQ==",
      "requires": {
        "@walletconnect/environment": "^1.0.0",
        "@walletconnect/jsonrpc-types": "^1.0.1"
      }
    },
    "@walletconnect/node": {
      "version": "1.0.0",
      "resolved": "https://registry.npmjs.org/@walletconnect/node/-/node-1.0.0.tgz",
      "integrity": "sha512-yk5HGMWnysgqp0ePPuTrIbGB85V2Uhikh/+belffQfp03VYPQJnJj/x117KjMnAZXmzQD5lLl5bkvoy1CTKrJQ==",
      "requires": {
        "@walletconnect/core": "^1.0.0",
        "@walletconnect/node-crypto": "^1.0.0",
        "@walletconnect/types": "^1.0.0",
        "@walletconnect/utils": "^1.0.0"
      }
    },
    "@walletconnect/node-crypto": {
      "version": "1.0.0",
      "resolved": "https://registry.npmjs.org/@walletconnect/node-crypto/-/node-crypto-1.0.0.tgz",
      "integrity": "sha512-0Umq6k3aw5AtnOnyAlQITZgSrPsiUVOh5oLy5wxzKXSMlWSzvtx2/9dzV1AROFXYIfhp2HKXblyxb5e4PFvVcA==",
      "requires": {
        "@walletconnect/types": "^1.0.0",
        "@walletconnect/utils": "^1.0.0"
      }
    },
    "@walletconnect/safe-json": {
      "version": "1.0.0",
      "resolved": "https://registry.npmjs.org/@walletconnect/safe-json/-/safe-json-1.0.0.tgz",
      "integrity": "sha512-QJzp/S/86sUAgWY6eh5MKYmSfZaRpIlmCJdi5uG4DJlKkZrHEF7ye7gA+VtbVzvTtpM/gRwO2plQuiooIeXjfg=="
    },
    "@walletconnect/socket-transport": {
      "version": "1.8.0",
      "resolved": "https://registry.npmjs.org/@walletconnect/socket-transport/-/socket-transport-1.8.0.tgz",
      "integrity": "sha512-5DyIyWrzHXTcVp0Vd93zJ5XMW61iDM6bcWT4p8DTRfFsOtW46JquruMhxOLeCOieM4D73kcr3U7WtyR4JUsGuQ==",
      "requires": {
        "@walletconnect/types": "^1.8.0",
        "@walletconnect/utils": "^1.8.0",
        "ws": "7.5.3"
      }
    },
    "@walletconnect/types": {
      "version": "1.8.0",
      "resolved": "https://registry.npmjs.org/@walletconnect/types/-/types-1.8.0.tgz",
      "integrity": "sha512-Cn+3I0V0vT9ghMuzh1KzZvCkiAxTq+1TR2eSqw5E5AVWfmCtECFkVZBP6uUJZ8YjwLqXheI+rnjqPy7sVM4Fyg=="
    },
    "@walletconnect/utils": {
      "version": "1.8.0",
      "resolved": "https://registry.npmjs.org/@walletconnect/utils/-/utils-1.8.0.tgz",
      "integrity": "sha512-zExzp8Mj1YiAIBfKNm5u622oNw44WOESzo6hj+Q3apSMIb0Jph9X3GDIdbZmvVZsNPxWDL7uodKgZcCInZv2vA==",
      "requires": {
        "@walletconnect/browser-utils": "^1.8.0",
        "@walletconnect/encoding": "^1.0.1",
        "@walletconnect/jsonrpc-utils": "^1.0.3",
        "@walletconnect/types": "^1.8.0",
        "bn.js": "4.11.8",
        "js-sha3": "0.8.0",
        "query-string": "6.13.5"
      }
    },
    "@walletconnect/window-getters": {
      "version": "1.0.0",
      "resolved": "https://registry.npmjs.org/@walletconnect/window-getters/-/window-getters-1.0.0.tgz",
      "integrity": "sha512-xB0SQsLaleIYIkSsl43vm8EwETpBzJ2gnzk7e0wMF3ktqiTGS6TFHxcprMl5R44KKh4tCcHCJwolMCaDSwtAaA=="
    },
    "@walletconnect/window-metadata": {
      "version": "1.0.0",
      "resolved": "https://registry.npmjs.org/@walletconnect/window-metadata/-/window-metadata-1.0.0.tgz",
      "integrity": "sha512-9eFvmJxIKCC3YWOL97SgRkKhlyGXkrHwamfechmqszbypFspaSk+t2jQXAEU7YClHF6Qjw5eYOmy1//zFi9/GA==",
      "requires": {
        "@walletconnect/window-getters": "^1.0.0"
      }
    },
    "bn.js": {
      "version": "4.11.8",
      "resolved": "https://registry.npmjs.org/bn.js/-/bn.js-4.11.8.tgz",
      "integrity": "sha512-ItfYfPLkWHUjckQCk8xC+LwxgK8NYcXywGigJgSwOP8Y2iyWT4f2vsZnoOXTTbo+o5yXmIUJ4gn5538SO5S3gA=="
    },
    "data-uri-to-buffer": {
      "version": "4.0.0",
      "resolved": "https://registry.npmjs.org/data-uri-to-buffer/-/data-uri-to-buffer-4.0.0.tgz",
      "integrity": "sha512-Vr3mLBA8qWmcuschSLAOogKgQ/Jwxulv3RNE4FXnYWRGujzrRWQI4m12fQqRkwX06C0KanhLr4hK+GydchZsaA=="
    },
    "decode-uri-component": {
      "version": "0.2.0",
      "resolved": "https://registry.npmjs.org/decode-uri-component/-/decode-uri-component-0.2.0.tgz",
      "integrity": "sha512-hjf+xovcEn31w/EUYdTXQh/8smFL/dzYjohQGEIgjyNavaJfBY2p5F527Bo1VPATxv0VYTUC2bOcXvqFwk78Og=="
    },
    "detect-browser": {
      "version": "5.2.0",
      "resolved": "https://registry.npmjs.org/detect-browser/-/detect-browser-5.2.0.tgz",
      "integrity": "sha512-tr7XntDAu50BVENgQfajMLzacmSe34D+qZc4zjnniz0ZVuw/TZcLcyxHQjYpJTM36sGEkZZlYLnIM1hH7alTMA=="
    },
    "fetch-blob": {
      "version": "3.2.0",
      "resolved": "https://registry.npmjs.org/fetch-blob/-/fetch-blob-3.2.0.tgz",
      "integrity": "sha512-7yAQpD2UMJzLi1Dqv7qFYnPbaPx7ZfFK6PiIxQ4PfkGPyNyl2Ugx+a/umUonmKqjhM4DnfbMvdX6otXq83soQQ==",
      "requires": {
        "node-domexception": "^1.0.0",
        "web-streams-polyfill": "^3.0.3"
      }
    },
    "formdata-polyfill": {
      "version": "4.0.10",
      "resolved": "https://registry.npmjs.org/formdata-polyfill/-/formdata-polyfill-4.0.10.tgz",
      "integrity": "sha512-buewHzMvYL29jdeQTVILecSaZKnt/RJWjoZCF5OW60Z67/GmSLBkOFM7qh1PI3zFNtJbaZL5eQu1vLfazOwj4g==",
      "requires": {
        "fetch-blob": "^3.1.2"
      }
    },
    "is-typedarray": {
      "version": "1.0.0",
      "resolved": "https://registry.npmjs.org/is-typedarray/-/is-typedarray-1.0.0.tgz",
      "integrity": "sha512-cyA56iCMHAh5CdzjJIa4aohJyeO1YbwLi3Jc35MmRU6poroFjIGZzUzupGiRPOjgHg9TLu43xbpwXk523fMxKA=="
    },
    "js-sha3": {
      "version": "0.8.0",
      "resolved": "https://registry.npmjs.org/js-sha3/-/js-sha3-0.8.0.tgz",
      "integrity": "sha512-gF1cRrHhIzNfToc802P800N8PpXS+evLLXfsVpowqmAFR9uwbi89WvXg2QspOmXL8QL86J4T1EpFu+yUkwJY3Q=="
    },
    "keyvaluestorage-interface": {
      "version": "1.0.0",
      "resolved": "https://registry.npmjs.org/keyvaluestorage-interface/-/keyvaluestorage-interface-1.0.0.tgz",
      "integrity": "sha512-8t6Q3TclQ4uZynJY9IGr2+SsIGwK9JHcO6ootkHCGA0CrQCRy+VkouYNO2xicET6b9al7QKzpebNow+gkpCL8g=="
    },
    "node-domexception": {
      "version": "1.0.0",
      "resolved": "https://registry.npmjs.org/node-domexception/-/node-domexception-1.0.0.tgz",
      "integrity": "sha512-/jKZoMpw0F8GRwl4/eLROPA3cfcXtLApP0QzLmUT/HuPCZWyB7IY9ZrMeKw2O/nFIqPQB3PVM9aYm0F312AXDQ=="
    },
    "node-fetch": {
      "version": "3.2.10",
      "resolved": "https://registry.npmjs.org/node-fetch/-/node-fetch-3.2.10.tgz",
      "integrity": "sha512-MhuzNwdURnZ1Cp4XTazr69K0BTizsBroX7Zx3UgDSVcZYKF/6p0CBe4EUb/hLqmzVhl0UpYfgRljQ4yxE+iCxA==",
      "requires": {
        "data-uri-to-buffer": "^4.0.0",
        "fetch-blob": "^3.1.4",
        "formdata-polyfill": "^4.0.10"
      }
    },
    "qrcode-terminal": {
      "version": "0.12.0",
      "resolved": "https://registry.npmjs.org/qrcode-terminal/-/qrcode-terminal-0.12.0.tgz",
      "integrity": "sha512-EXtzRZmC+YGmGlDFbXKxQiMZNwCLEO6BANKXG4iCtSIM0yqc/pappSx3RIKr4r0uh5JsBckOXeKrB3Iz7mdQpQ=="
    },
    "query-string": {
      "version": "6.13.5",
      "resolved": "https://registry.npmjs.org/query-string/-/query-string-6.13.5.tgz",
      "integrity": "sha512-svk3xg9qHR39P3JlHuD7g3nRnyay5mHbrPctEBDUxUkHRifPHXJDhBUycdCC0NBjXoDf44Gb+IsOZL1Uwn8M/Q==",
      "requires": {
        "decode-uri-component": "^0.2.0",
        "split-on-first": "^1.0.0",
        "strict-uri-encode": "^2.0.0"
      }
    },
    "split-on-first": {
      "version": "1.1.0",
      "resolved": "https://registry.npmjs.org/split-on-first/-/split-on-first-1.1.0.tgz",
      "integrity": "sha512-43ZssAJaMusuKWL8sKUBQXHWOpq8d6CfN/u1p4gUzfJkM05C8rxTmYrkIPTXapZpORA6LkkzcUulJ8FqA7Uudw=="
    },
    "strict-uri-encode": {
      "version": "2.0.0",
      "resolved": "https://registry.npmjs.org/strict-uri-encode/-/strict-uri-encode-2.0.0.tgz",
      "integrity": "sha512-QwiXZgpRcKkhTj2Scnn++4PKtWsH0kpzZ62L2R6c/LUVYv7hVnZqcg2+sMuT6R7Jusu1vviK/MFsu6kNJfWlEQ=="
    },
    "tslib": {
      "version": "2.4.0",
      "resolved": "https://registry.npmjs.org/tslib/-/tslib-2.4.0.tgz",
      "integrity": "sha512-d6xOpEDfsi2CZVlPQzGeux8XMwLT9hssAsaPYExaQMuYskwb+x1x7J371tWlbBdWHroy99KnVB6qIkUbs5X3UQ=="
    },
    "tunnel": {
      "version": "0.0.6",
      "resolved": "https://registry.npmjs.org/tunnel/-/tunnel-0.0.6.tgz",
      "integrity": "sha512-1h/Lnq9yajKY2PEbBadPXj3VxsDDu844OnaAo52UVmIzIvwwtBPIuNvkjuzBlTWpfJyUbG3ez0KSBibQkj4ojg=="
    },
    "typedarray-to-buffer": {
      "version": "3.1.5",
      "resolved": "https://registry.npmjs.org/typedarray-to-buffer/-/typedarray-to-buffer-3.1.5.tgz",
      "integrity": "sha512-zdu8XMNEDepKKR+XYOXAVPtWui0ly0NtohUscw+UmaHiAWT8hrV1rr//H6V+0DvJ3OQ19S979M0laLfX8rm82Q==",
      "requires": {
        "is-typedarray": "^1.0.0"
      }
    },
    "web-streams-polyfill": {
      "version": "3.2.1",
      "resolved": "https://registry.npmjs.org/web-streams-polyfill/-/web-streams-polyfill-3.2.1.tgz",
      "integrity": "sha512-e0MO3wdXWKrLbL0DgGnUV7WHVuw9OUvL4hjgnPkIeEvESk74gAITi5G606JtZPp39cd8HA9VQzCIvA49LpPN5Q=="
    },
    "ws": {
      "version": "7.5.3",
      "resolved": "https://registry.npmjs.org/ws/-/ws-7.5.3.tgz",
      "integrity": "sha512-kQ/dHIzuLrS6Je9+uv81ueZomEwH0qVYstcAQ4/Z93K8zeko9gtAbttJWzoC5ukqXY1PpoouV3+VSOqEAFt5wg==",
      "requires": {}
    }
  }
}
